PODS:
  - Flutter (1.0.0)
  - integration_test (0.0.1):
    - Flutter
  - manifest_info_reader (0.0.1):
    - Flutter

DEPENDENCIES:
  - Flutter (from `Flutter`)
  - integration_test (from `.symlinks/plugins/integration_test/ios`)
  - manifest_info_reader (from `.symlinks/plugins/manifest_info_reader/ios`)

EXTERNAL SOURCES:
  Flutter:
    :path: Flutter
  integration_test:
    :path: ".symlinks/plugins/integration_test/ios"
  manifest_info_reader:
    :path: ".symlinks/plugins/manifest_info_reader/ios"

SPEC CHECKSUMS:
  Flutter: e0871f40cf51350855a761d2e70bf5af5b9b5de7
  integration_test: 4a889634ef21a45d28d50d622cf412dc6d9f586e
  manifest_info_reader: 3ce79935e01662d57517b0316bb12f946f9dff8a

PODFILE CHECKSUM: 4305caec6b40dde0ae97be1573c53de1882a07e5

COCOAPODS: 1.16.2
